github.com/gregoryv/cmdline v0.14.0 h1:psMTAK+fysbaZ6KiByU/H4ZROZrXSTnPvU6BWcYRqeY=
github.com/gregoryv/cmdline v0.14.0/go.mod h1:1tdYPRKkwPcFp+H96dFQ1f4lvv5OX1dU8xzOhBmLV0Y=
github.com/gregoryv/find v0.4.0 h1:FaIgt1oqZgxdr9gjpgzDT7dscb57nLzqRwl4pg4mVHo=
github.com/gregoryv/find v0.4.0/go.mod h1:vK3iyeKqam3wWLkC+nP98fp4a/b9vqS698kAnLZKgDI=
github.com/gregoryv/gocyclo v0.1.1 h1:wRhY+jEiXtNqtxOSI1XfXmbRaRknzvVtO5QOSg5KVHo=
github.com/gregoryv/gocyclo v0.1.1/go.mod h1:e1PwkEyshvXjhPGP0RUXqlEXx09aBSSNj0wL8I/P/3I=
github.com/gregoryv/nexus v0.6.0 h1:d53Ug7bIWyJqxKnd2c9n3qPpYunwglq9cmNNzNJewFY=
github.com/gregoryv/nexus v0.6.0/go.mod h1:DJ2Ia6WpPX26edFW6LCl+9nYyX2h6Ot/kyJ83J+SAL0=
github.com/gregoryv/qual v0.4.2 h1:Pb8T2CRoAIYBKzwxCwfSxHyRNW20Mo8+kMtXQ8MOX5Q=
github.com/gregoryv/qual v0.4.2/go.mod h1:qi5L/TR4lnCuIFsOC2G8dtTOui6787/lFNquekcjxmQ=
github.com/gregoryv/web v0.22.0 h1:SzcU048ibWFzeQIovDCQ4RBEhkr8UMkIonzSsAmt3qg=
github.com/gregoryv/web v0.22.0/go.mod h1:ZNxc8oE709qkkeVZw377xfpsR/kgCu+TRIfRsF4hXEY=
golang.org/x/net v0.7.0 h1:rJrUqqhjsgNp7KqAIc25s9pZnjU7TUcSY7HcVZjdn1g=
golang.org/x/net v0.7.0/go.mod h1:2Tu9+aMcznHK/AK1HMvgo6xiTLG5rD5rZLDS+rp2Bjs=
